{
    "_meta": {
        "hash": {
            "sha256": "78c0a797f111db662881add49f31f9b5ace84bb86f355d377b19e9c1cd665224"
        },
        "pipfile-spec": 6,
        "requires": {
            "python_full_version": "3.10.12",
            "python_version": "3.10"
        },
        "sources": [
            {
                "name": "pypi",
                "url": "https://pypi.org/simple",
                "verify_ssl": true
            }
        ]
    },
    "default": {
        "ijson": {
            "hashes": [
                "sha256:0199456b6b3d830d8850c99327da5fad293ead515e656768941263e8c588ff28",
                "sha256:07151b4d83763a5e3ee8f61c1dcd350f6a955c60200cd1d8f9989049667fa3c4",
                "sha256:08debb0373ff86dd912b3d8fd4e40b759fc2d474191754beb72ea1044edb8947",
                "sha256:0aa0e0bbd205ee8ad4f64443f002cc23f668492c96d19d3181d1904fc9a46eb6",
                "sha256:0cf5911658aa102a6c726bca58a72a08b910cc97e4168ae3a9b308b826f95194",
                "sha256:13957abec999a5961cd046125e667c33c79feb8e876efea6f2f86b188c3172f2",
                "sha256:163fe391bfb7a024063d7020b0afc0db615d5bf112e92acc87d93b627c53c7b1",
                "sha256:1c3643092a7895a7ffc21b6188d79de4ed0f4f4052eb278c6d7e20387f7d7074",
                "sha256:27d2383190cbe0560fe91a99e7c35aa8e46c41283fc6fcb8d00a08d19cfc3ff0",
                "sha256:2a47e44dd758304e88b679eed6d322a1ad6feffb124d74d9f59071003243c9c9",
                "sha256:34126c5c8027116d94a6725ba0bbd12727e4d5a0c5592f5ba636bd141fc7ed70",
                "sha256:3575ccf1119ed5d373fa7de882978e8e6172ffe16bae9dbb4ca708caf45bcee0",
                "sha256:360c234f2759103fc024ae6e257f92689e0d48d96346dbcacbbbe81fbad7712e",
                "sha256:3700d5d9d196ce4b9da40a09f49e05e75d64f45765dbebe5cb4af74ec6dc039b",
                "sha256:3d8b55e6bc5e1e079a834f5bbfc30b0cc49444e1e9a33f1e4bede933dfecdabc",
                "sha256:3f1d3979951288000534b258461ce5d9388078c306d9c12af04153bb6a5f36f3",
                "sha256:40cbd9d14ff6fd4d6dd047cbec31e0c25466c91489378753c9c5feb78bfd23ba",
                "sha256:48e0925dea7a4357cd824ef71834f1e444fd9d9536b076a304e4e3219c0133d5",
                "sha256:4a981d22b8f89be2db50def8a9e92d87c3b86f4e36be5d93130962654f5baa3f",
                "sha256:4f206866b90ff79702b82aee5910e52a6a1a2a8d91333ad3454d17cde996eea2",
                "sha256:4faca5c72ab53462f2f688ac9cfc5e31974bb46a539bca78d0830e5b28635b63",
                "sha256:53092b6408a1671b2ed10a153b277bd718d76fed311a34643792a488dea6a6eb",
                "sha256:54df86de05de3a1cf1269a1cd161468df542765720b5717d0740048fc0d57363",
                "sha256:580c6635d3cf3c591b43e6c70e70b945bb947d23b1651cf7e8c0bb770b25852f",
                "sha256:5d2a4fafcddb0dc7a716df7e68fa4bb8b226d8cf54af27c2e614ca2249989950",
                "sha256:5f03c1b1285743e6b688d2927105d1e6c5e6837832db88c9d57550219e757ae8",
                "sha256:60289cadada7e3d4499730e6340d493ef9ca7de31fae9e5381809f99bada38f5",
                "sha256:68aecc259ec213e2af9ce9472e7cc7f8158420229c8dcf0338528bf4261dbaf9",
                "sha256:68bc6e4d0bdb1afcdbc7747ea75859f784942d82d359d1b2d5a88d18a7ac0cca",
                "sha256:6a3972531b04e86725f5c0e9b55a91024278235b40d1a80fee53edc5e0b73634",
                "sha256:72007e353e00292a8b9d7a2558b1360d4351fae806fddc31832964228ce20698",
                "sha256:737384969a1e94c508be4109fda4bb060d81aa2f21d52cdfd32568ace98bec5d",
                "sha256:759397feea371ac757033884896a92b881fbba284a93751681c2d2397aa82634",
                "sha256:77ca22acd49f1e6cf9e1747a82cfec2a919f00c93c882218e4773aa7f9121dff",
                "sha256:7b93a76ac6f07c1f32323cde2ab90758d2dd229f3cf193c09616de211be25bb3",
                "sha256:7d809f8ba3295c2d91bdc4f4a522c93973481a6d09232481e5b056fe88294bf0",
                "sha256:822f2fe7a3c1e2ff62b2578159a7b4bf752db308eb907276a528dd6b919a232e",
                "sha256:861d15df0783e8a96311b6bcbd45b1a738bf938fd2240eeec4e84a2def0dd16a",
                "sha256:88b3547a702a5c5038dd1b99ebf2116af6c40c9dba246d51662e8c9f739e25f7",
                "sha256:8d4cf867c3fe88981bac3094e0842047811e5bf3894abb6d8b3408a25cd8a177",
                "sha256:8eddcf9a7d08e404231d8457b856ba9b62aa0b4cdcf2bf64b3bac2e8eca73743",
                "sha256:8febaa3d81d0c62ba16ae10bd112edfa2e2b24a481a9952ba56770b6f1947d4a",
                "sha256:938ef367eef58287b65b721e7f769346f8e5bcc6726330dcb11ffd131ef633f8",
                "sha256:95a16530f07fd576a70cc3482f9935d1b5f7207e87cf62facfa19b9d027977c4",
                "sha256:97b7ee99be6f564b4bab7317a060469d5a18bcfa0ae85f9be3db1c2146694977",
                "sha256:9eec9d145d6ea6bd24ca147c07a49f80a9feadbe3d0b665d6144f2f94d6bf06f",
                "sha256:9f3c95f8694ccd018159d51e25dd87f8021880ef49a52a5a91ea946d8e18d35e",
                "sha256:9f6debf5f06d628ae43a680d6ecd0e26d2c3c54b0b1e1c3a103a7085545e5dd1",
                "sha256:a5001813b8d6558bda9af6bb24a3fae99377d92eb6b41ddd1ec4df548683d604",
                "sha256:a5ff3714342262a748d21f55ebff350247c2ad64c506f9361cd2204d5fe390d7",
                "sha256:a86c05d08f6f122e60dc391859144bd61d2d9be880d257f61bb267a4b2556b0d",
                "sha256:ab56d4f8e40ebb4004ffcddeeab982900dabfa7fef4b58a6654da3ca678d339a",
                "sha256:ac48d9b11782ed6198efedae29761a1f4fb0a87485c7a7fdecf790825629c1c8",
                "sha256:ac7c78f99003e340b0d4c2465ecaf75505686c7fd4abbb21187ad009823ecd33",
                "sha256:af0ff99cbdb0fb2d176d3fba1035a957bb52e1f7c3b579d06159f78e7520801d",
                "sha256:afb95a065eb3179a4e0765e9c48e2ffb5a43aba583ceae3891d52e75ee94f01c",
                "sha256:b21ad922095a6bdc3d284680f601367de8ccafdde1c6f1515ac1004499b58939",
                "sha256:b65ea9b9932d9baa716188914c8b40d677f4e23bd94a45f42da45d064cb69677",
                "sha256:b75592e9196294eb4e19cde4d4f39dcdc3eefddcdfbc96ae7ec8843d0817e802",
                "sha256:b9883c8716001d7a5c8185905208e40a77eef9b2a73dbce4d189ceb092aa93bd",
                "sha256:ba97de4442c031181581f16695308528380fd0ba904adc7ed1799b077fc61a15",
                "sha256:bfa3d2fa57225d90af42c436a23c1829c6b8c40ce105534266f81a98755d6fb2",
                "sha256:c0c7ad1df5ce587815dbfa2db09e110ebe43ada287736a1bf00e783e9d6bcc14",
                "sha256:d9c3919a2f937b9771d6e4d2e4dfd5ab9596c9cc63ba06471ad612525e13eef2",
                "sha256:dd4f9a69c0aef16f088804beb2d2c7e9e430b388f628de9116f2874440ffb45d",
                "sha256:dd591fb5d8e86c4e79be5a48d4489af064f10de679fe4697842c4812ff678628",
                "sha256:e51cbf1c3659ae88ebeae597a7e8a4f5b92be9678a235dd5317ff76b3b3017e5",
                "sha256:e5e103494cb05fc814c00eda9e5e32f6a0ddc0a85fd9763df41548946bd04c0f",
                "sha256:e62b879d85d3000541997244bbaa45eccbaf50e4bbde8239ba2011fec9ce1f9c",
                "sha256:e96631f4dd97a1f9ff9bb8c816a7794a202753d34048ecb9d5a4b0bf7a55c5e3",
                "sha256:ed0de6b9a3082b28ecc5e5ae72dac8a5378ef1b50cf11f21d65a5d5343c0327d",
                "sha256:edbc3fdfcba8c68437d9799e2ebe36f338e2149b546fc6b0de7dbb4067980fca",
                "sha256:f1d59dfc5cb2f0c9ba756b0a63070e8e3f015318a56fb396f3046f9df0b48042",
                "sha256:f1dbb2f38a816066669875ef0ac5f65389e9678ee922301e05d411404b443dc5",
                "sha256:f5356b7776951756a7a7e310f12cf525c516d60b7f834c946844ce2dfef58a0a",
                "sha256:f677ce65733e385c049ef90d527c4d7312120e0f68fd9bf0d33021c374398576",
                "sha256:faabf7789769ac73b8be3ca7baf76e9fce3901bfeeebc9682edb2a5f0314b9d3",
                "sha256:fee77bbdf86d3c64219479a06f95bd737bce376c2ab04df36c8c386505ada678"
            ],
            "index": "pypi",
            "version": "==3.2.2"
        }
    },
    "develop": {
        "coverage": {
            "extras": [
                "toml"
            ],
            "hashes": [
                "sha256:06a9a2be0b5b576c3f18f1a241f0473575c4a26021b52b2a85263a00f034d51f",
                "sha256:06fb182e69f33f6cd1d39a6c597294cff3143554b64b9825d1dc69d18cc2fff2",
                "sha256:0a5f9e1dbd7fbe30196578ca36f3fba75376fb99888c395c5880b355e2875f8a",
                "sha256:0e1f928eaf5469c11e886fe0885ad2bf1ec606434e79842a879277895a50942a",
                "sha256:171717c7cb6b453aebac9a2ef603699da237f341b38eebfee9be75d27dc38e01",
                "sha256:1e9d683426464e4a252bf70c3498756055016f99ddaec3774bf368e76bbe02b6",
                "sha256:201e7389591af40950a6480bd9edfa8ed04346ff80002cec1a66cac4549c1ad7",
                "sha256:245167dd26180ab4c91d5e1496a30be4cd721a5cf2abf52974f965f10f11419f",
                "sha256:2aee274c46590717f38ae5e4650988d1af340fe06167546cc32fe2f58ed05b02",
                "sha256:2e07b54284e381531c87f785f613b833569c14ecacdcb85d56b25c4622c16c3c",
                "sha256:31563e97dae5598556600466ad9beea39fb04e0229e61c12eaa206e0aa202063",
                "sha256:33d6d3ea29d5b3a1a632b3c4e4f4ecae24ef170b0b9ee493883f2df10039959a",
                "sha256:3d376df58cc111dc8e21e3b6e24606b5bb5dee6024f46a5abca99124b2229ef5",
                "sha256:419bfd2caae268623dd469eff96d510a920c90928b60f2073d79f8fe2bbc5959",
                "sha256:48c19d2159d433ccc99e729ceae7d5293fbffa0bdb94952d3579983d1c8c9d97",
                "sha256:49969a9f7ffa086d973d91cec8d2e31080436ef0fb4a359cae927e742abfaaa6",
                "sha256:52edc1a60c0d34afa421c9c37078817b2e67a392cab17d97283b64c5833f427f",
                "sha256:537891ae8ce59ef63d0123f7ac9e2ae0fc8b72c7ccbe5296fec45fd68967b6c9",
                "sha256:54b896376ab563bd38453cecb813c295cf347cf5906e8b41d340b0321a5433e5",
                "sha256:58c2ccc2f00ecb51253cbe5d8d7122a34590fac9646a960d1430d5b15321d95f",
                "sha256:5b7540161790b2f28143191f5f8ec02fb132660ff175b7747b95dcb77ac26562",
                "sha256:5baa06420f837184130752b7c5ea0808762083bf3487b5038d68b012e5937dbe",
                "sha256:5e330fc79bd7207e46c7d7fd2bb4af2963f5f635703925543a70b99574b0fea9",
                "sha256:61b9a528fb348373c433e8966535074b802c7a5d7f23c4f421e6c6e2f1697a6f",
                "sha256:63426706118b7f5cf6bb6c895dc215d8a418d5952544042c8a2d9fe87fcf09cb",
                "sha256:6d040ef7c9859bb11dfeb056ff5b3872436e3b5e401817d87a31e1750b9ae2fb",
                "sha256:6f48351d66575f535669306aa7d6d6f71bc43372473b54a832222803eb956fd1",
                "sha256:7ee7d9d4822c8acc74a5e26c50604dff824710bc8de424904c0982e25c39c6cb",
                "sha256:81c13a1fc7468c40f13420732805a4c38a105d89848b7c10af65a90beff25250",
                "sha256:8d13c64ee2d33eccf7437961b6ea7ad8673e2be040b4f7fd4fd4d4d28d9ccb1e",
                "sha256:8de8bb0e5ad103888d65abef8bca41ab93721647590a3f740100cd65c3b00511",
                "sha256:8fa03bce9bfbeeef9f3b160a8bed39a221d82308b4152b27d82d8daa7041fee5",
                "sha256:924d94291ca674905fe9481f12294eb11f2d3d3fd1adb20314ba89e94f44ed59",
                "sha256:975d70ab7e3c80a3fe86001d8751f6778905ec723f5b110aed1e450da9d4b7f2",
                "sha256:976b9c42fb2a43ebf304fa7d4a310e5f16cc99992f33eced91ef6f908bd8f33d",
                "sha256:9e31cb64d7de6b6f09702bb27c02d1904b3aebfca610c12772452c4e6c21a0d3",
                "sha256:a342242fe22407f3c17f4b499276a02b01e80f861f1682ad1d95b04018e0c0d4",
                "sha256:a3d33a6b3eae87ceaefa91ffdc130b5e8536182cd6dfdbfc1aa56b46ff8c86de",
                "sha256:a895fcc7b15c3fc72beb43cdcbdf0ddb7d2ebc959edac9cef390b0d14f39f8a9",
                "sha256:afb17f84d56068a7c29f5fa37bfd38d5aba69e3304af08ee94da8ed5b0865833",
                "sha256:b1c546aca0ca4d028901d825015dc8e4d56aac4b541877690eb76490f1dc8ed0",
                "sha256:b29019c76039dc3c0fd815c41392a044ce555d9bcdd38b0fb60fb4cd8e475ba9",
                "sha256:b46517c02ccd08092f4fa99f24c3b83d8f92f739b4657b0f146246a0ca6a831d",
                "sha256:b7aa5f8a41217360e600da646004f878250a0d6738bcdc11a0a39928d7dc2050",
                "sha256:b7b4c971f05e6ae490fef852c218b0e79d4e52f79ef0c8475566584a8fb3e01d",
                "sha256:ba90a9563ba44a72fda2e85302c3abc71c5589cea608ca16c22b9804262aaeb6",
                "sha256:cb017fd1b2603ef59e374ba2063f593abe0fc45f2ad9abdde5b4d83bd922a353",
                "sha256:d22656368f0e6189e24722214ed8d66b8022db19d182927b9a248a2a8a2f67eb",
                "sha256:d2c2db7fd82e9b72937969bceac4d6ca89660db0a0967614ce2481e81a0b771e",
                "sha256:d39b5b4f2a66ccae8b7263ac3c8170994b65266797fb96cbbfd3fb5b23921db8",
                "sha256:d62a5c7dad11015c66fbb9d881bc4caa5b12f16292f857842d9d1871595f4495",
                "sha256:e7d9405291c6928619403db1d10bd07888888ec1abcbd9748fdaa971d7d661b2",
                "sha256:e84606b74eb7de6ff581a7915e2dab7a28a0517fbe1c9239eb227e1354064dcd",
                "sha256:eb393e5ebc85245347950143969b241d08b52b88a3dc39479822e073a1a8eb27",
                "sha256:ebba1cd308ef115925421d3e6a586e655ca5a77b5bf41e02eb0e4562a111f2d1",
                "sha256:ee57190f24fba796e36bb6d3aa8a8783c643d8fa9760c89f7a98ab5455fbf818",
                "sha256:f2f67fe12b22cd130d34d0ef79206061bfb5eda52feb6ce0dba0644e20a03cf4",
                "sha256:f6951407391b639504e3b3be51b7ba5f3528adbf1a8ac3302b687ecababf929e",
                "sha256:f75f7168ab25dd93110c8a8117a22450c19976afbc44234cbf71481094c1b850",
                "sha256:fdec9e8cbf13a5bf63290fc6013d216a4c7232efb51548594ca3631a7f13c3a3"
            ],
            "markers": "python_version >= '3.7'",
            "version": "==7.2.7"
        },
        "exceptiongroup": {
            "hashes": [
                "sha256:12c3e887d6485d16943a309616de20ae5582633e0a2eda17f4e10fd61c1e8af5",
                "sha256:e346e69d186172ca7cf029c8c1d16235aa0e04035e5750b4b95039e65204328f"
            ],
            "markers": "python_version < '3.11'",
            "version": "==1.1.2"
        },
        "iniconfig": {
            "hashes": [
                "sha256:2d91e135bf72d31a410b17c16da610a82cb55f6b0477d1a902134b24a455b8b3",
                "sha256:b6a85871a79d2e3b22d2d1b94ac2824226a63c6b741c88f7ae975f18b6778374"
            ],
            "markers": "python_version >= '3.7'",
            "version": "==2.0.0"
        },
        "packaging": {
            "hashes": [
                "sha256:994793af429502c4ea2ebf6bf664629d07c1a9fe974af92966e4b8d2df7edc61",
                "sha256:a392980d2b6cffa644431898be54b0045151319d1e7ec34f0cfed48767dd334f"
            ],
            "markers": "python_version >= '3.7'",
            "version": "==23.1"
        },
        "pluggy": {
            "hashes": [
                "sha256:c2fd55a7d7a3863cba1a013e4e2414658b1d07b6bc57b3919e0c63c9abb99849",
                "sha256:d12f0c4b579b15f5e054301bb226ee85eeeba08ffec228092f8defbaa3a4c4b3"
            ],
            "markers": "python_version >= '3.7'",
            "version": "==1.2.0"
        },
        "pytest": {
            "hashes": [
                "sha256:78bf16451a2eb8c7a2ea98e32dc119fd2aa758f1d5d66dbf0a59d69a3969df32",
                "sha256:b4bf8c45bd59934ed84001ad51e11b4ee40d40a1229d2c79f9c592b0a3f6bd8a"
            ],
            "index": "pypi",
            "version": "==7.4.0"
        },
        "pytest-cov": {
            "hashes": [
                "sha256:3904b13dfbfec47f003b8e77fd5b589cd11904a21ddf1ab38a64f204d6a10ef6",
                "sha256:6ba70b9e97e69fcc3fb45bfeab2d0a138fb65c4d0d6a41ef33983ad114be8c3a"
            ],
            "index": "pypi",
            "version": "==4.1.0"
        },
        "tomli": {
            "hashes": [
                "sha256:939de3e7a6161af0c887ef91b7d41a53e7c5a1ca976325f429cb46ea9bc30ecc",
                "sha256:de526c12914f0c550d15924c62d72abc48d6fe7364aa87328337a31007fe8a4f"
            ],
            "markers": "python_version < '3.11'",
            "version": "==2.0.1"
        }
    }
}
